
Microsoft Visual Studio Solution File, Format Version 12.00
# Visual Studio Version 17
VisualStudioVersion = 17.9.34607.119
MinimumVisualStudioVersion = 10.0.40219.1
Project("{FAE04EC0-301F-11D3-BF4B-00C04F79EFBC}") = "RAKETA", "RAKETA\RAKETA.csproj", "{9FEEF38E-14F2-491A-A335-46B15B8404EF}"
EndProject
Global
	GlobalSection(SolutionConfigurationPlatforms) = preSolution
		Debug|Any CPU = Debug|Any CPU
		Release|Any CPU = Release|Any CPU
	EndGlobalSection
	GlobalSection(ProjectConfigurationPlatforms) = postSolution
		{9FEEF38E-14F2-491A-A335-46B15B8404EF}.Debug|Any CPU.ActiveCfg = Debug|Any CPU
		{9FEEF38E-14F2-491A-A335-46B15B8404EF}.Debug|Any CPU.Build.0 = Debug|Any CPU
		{9FEEF38E-14F2-491A-A335-46B15B8404EF}.Release|Any CPU.ActiveCfg = Release|Any CPU
		{9FEEF38E-14F2-491A-A335-46B15B8404EF}.Release|Any CPU.Build.0 = Release|Any CPU
	EndGlobalSection
	GlobalSection(SolutionProperties) = preSolution
		HideSolutionNode = FALSE
	EndGlobalSection
	GlobalSection(ExtensibilityGlobals) = postSolution
		SolutionGuid = {94F542DE-DBFB-4C63-8352-143F68CC6A0E}
	EndGlobalSection
EndGlobal
